
Microsoft Visual Studio Solution File, Format Version 12.00
# Visual Studio Version 17
VisualStudioVersion = 17.0.31919.166
MinimumVisualStudioVersion = 10.0.40219.1
Project("{FAE04EC0-301F-11D3-BF4B-00C04F79EFBC}") = "TestExample", "TestExample\TestExample.csproj", "{8E3EABB5-4E2E-4B94-AD80-96866A3BEA09}"
EndProject
Global
	GlobalSection(SolutionConfigurationPlatforms) = preSolution
		Debug|Any CPU = Debug|Any CPU
		Release|Any CPU = Release|Any CPU
	EndGlobalSection
	GlobalSection(ProjectConfigurationPlatforms) = postSolution
		{8E3EABB5-4E2E-4B94-AD80-96866A3BEA09}.Debug|Any CPU.ActiveCfg = Debug|Any CPU
		{8E3EABB5-4E2E-4B94-AD80-96866A3BEA09}.Debug|Any CPU.Build.0 = Debug|Any CPU
		{8E3EABB5-4E2E-4B94-AD80-96866A3BEA09}.Release|Any CPU.ActiveCfg = Release|Any CPU
		{8E3EABB5-4E2E-4B94-AD80-96866A3BEA09}.Release|Any CPU.Build.0 = Release|Any CPU
	EndGlobalSection
	GlobalSection(SolutionProperties) = preSolution
		HideSolutionNode = FALSE
	EndGlobalSection
	GlobalSection(ExtensibilityGlobals) = postSolution
		SolutionGuid = {8BD7FEC5-C3A7-4B41-8A00-209BCFA56F1A}
	EndGlobalSection
EndGlobal
